
Microsoft Visual Studio Solution File, Format Version 12.00
# Visual Studio Version 16
VisualStudioVersion = 16.0.29920.165
MinimumVisualStudioVersion = 10.0.40219.1
Project("{9A19103F-16F7-4668-BE54-9A1E7A4F7556}") = "WhatsIn", "WhatsIn\WhatsIn.csproj", "{CED69875-B74A-4B88-8662-12ECA09337BD}"
EndProject
Project("{FAE04EC0-301F-11D3-BF4B-00C04F79EFBC}") = "WhatsIn.ApiTests", "WhatsIn.ApiTests\WhatsIn.ApiTests.csproj", "{FBA9B9D0-400F-4A35-8E61-BD9209CEEBF7}"
EndProject
Global
	GlobalSection(SolutionConfigurationPlatforms) = preSolution
		Debug|Any CPU = Debug|Any CPU
		Release|Any CPU = Release|Any CPU
	EndGlobalSection
	GlobalSection(ProjectConfigurationPlatforms) = postSolution
		{CED69875-B74A-4B88-8662-12ECA09337BD}.Debug|Any CPU.ActiveCfg = Debug|Any CPU
		{CED69875-B74A-4B88-8662-12ECA09337BD}.Debug|Any CPU.Build.0 = Debug|Any CPU
		{CED69875-B74A-4B88-8662-12ECA09337BD}.Release|Any CPU.ActiveCfg = Release|Any CPU
		{CED69875-B74A-4B88-8662-12ECA09337BD}.Release|Any CPU.Build.0 = Release|Any CPU
		{FBA9B9D0-400F-4A35-8E61-BD9209CEEBF7}.Debug|Any CPU.ActiveCfg = Debug|Any CPU
		{FBA9B9D0-400F-4A35-8E61-BD9209CEEBF7}.Debug|Any CPU.Build.0 = Debug|Any CPU
		{FBA9B9D0-400F-4A35-8E61-BD9209CEEBF7}.Release|Any CPU.ActiveCfg = Release|Any CPU
		{FBA9B9D0-400F-4A35-8E61-BD9209CEEBF7}.Release|Any CPU.Build.0 = Release|Any CPU
	EndGlobalSection
	GlobalSection(SolutionProperties) = preSolution
		HideSolutionNode = FALSE
	EndGlobalSection
	GlobalSection(ExtensibilityGlobals) = postSolution
		SolutionGuid = {3A178A68-F43F-4353-B744-6367859D6361}
	EndGlobalSection
EndGlobal
